<?xml version="1.0" encoding="utf-8"?>
<Project ToolsVersion="4.0" xmlns="http://schemas.microsoft.com/developer/msbuild/2003">
  <ItemGroup>
    <Filter Include="Ressourcendateien">
      <UniqueIdentifier>{67DA6AB6-F800-4c08-8B7A-83BB121AAD01}</UniqueIdentifier>
      <Extensions>rc;ico;cur;bmp;dlg;rc2;rct;bin;rgs;gif;jpg;jpeg;jpe;resx;tiff;tif;png;wav;mfcribbon-ms</Extensions>
    </Filter>
    <Filter Include="Source">
      <UniqueIdentifier>{d6fa115d-082b-48bc-98c1-287197e92076}</UniqueIdentifier>
    </Filter>
    <Filter Include="Source\math">
      <UniqueIdentifier>{77973406-cb93-4286-82b1-f97df39f143f}</UniqueIdentifier>
    </Filter>
    <Filter Include="Source\physics">
      <UniqueIdentifier>{8e4e0cbc-67c7-4161-95fe-d101266936d6}</UniqueIdentifier>
    </Filter>
    <Filter Include="Source\graphics">
      <UniqueIdentifier>{e218e812-ea9e-4726-9d0a-309e51e9bce3}</UniqueIdentifier>
    </Filter>
    <Filter Include="Source\platform">
      <UniqueIdentifier>{ffe0fdb7-c9ee-40ff-b401-d7c15a1cc9d5}</UniqueIdentifier>
    </Filter>
    <Filter Include="Source\audio">
      <UniqueIdentifier>{69e15998-b0f0-456f-af8a-6559a9daaf98}</UniqueIdentifier>
    </Filter>
    <Filter Include="Source\scripting">
      <UniqueIdentifier>{83640ed1-5c6b-4d43-893b-832355983baf}</UniqueIdentifier>
    </Filter>
    <Filter Include="Source\animation">
      <UniqueIdentifier>{b2ca671c-0499-4aa4-b84d-6c4a72cee6f2}</UniqueIdentifier>
    </Filter>
  </ItemGroup>
  <ItemGroup>
    <ClInclude Include="Source\game.h">
      <Filter>Source</Filter>
    </ClInclude>
    <ClInclude Include="Source\object.h">
      <Filter>Source</Filter>
    </ClInclude>
    <ClInclude Include="Source\transform.h">
      <Filter>Source</Filter>
    </ClInclude>
    <ClInclude Include="Source\types.h">
      <Filter>Source</Filter>
    </ClInclude>
    <ClInclude Include="Source\math\mat4x4.h">
      <Filter>Source\math</Filter>
    </ClInclude>
    <ClInclude Include="Source\math\quarternion.h">
      <Filter>Source\math</Filter>
    </ClInclude>
    <ClInclude Include="Source\math\vec2.h">
      <Filter>Source\math</Filter>
    </ClInclude>
    <ClInclude Include="Source\math\vec3.h">
      <Filter>Source\math</Filter>
    </ClInclude>
    <ClInclude Include="Source\math\vec4.h">
      <Filter>Source\math</Filter>
    </ClInclude>
    <ClInclude Include="Source\physics\collision.h">
      <Filter>Source\physics</Filter>
    </ClInclude>
    <ClInclude Include="Source\physics\physics.h">
      <Filter>Source\physics</Filter>
    </ClInclude>
    <ClInclude Include="Source\physics\rigid_body.h">
      <Filter>Source\physics</Filter>
    </ClInclude>
    <ClInclude Include="Source\graphics\graphics.h">
      <Filter>Source\graphics</Filter>
    </ClInclude>
    <ClInclude Include="Source\graphics\index_buffer.h">
      <Filter>Source\graphics</Filter>
    </ClInclude>
    <ClInclude Include="Source\graphics\renderable.h">
      <Filter>Source\graphics</Filter>
    </ClInclude>
    <ClInclude Include="Source\graphics\renderer.h">
      <Filter>Source\graphics</Filter>
    </ClInclude>
    <ClInclude Include="Source\graphics\scene.h">
      <Filter>Source\graphics</Filter>
    </ClInclude>
    <ClInclude Include="Source\graphics\shader.h">
      <Filter>Source\graphics</Filter>
    </ClInclude>
    <ClInclude Include="Source\graphics\vertex_array.h">
      <Filter>Source\graphics</Filter>
    </ClInclude>
    <ClInclude Include="Source\graphics\vertex_buffer.h">
      <Filter>Source\graphics</Filter>
    </ClInclude>
    <ClInclude Include="Source\platform\window.h">
      <Filter>Source\platform</Filter>
    </ClInclude>
    <ClInclude Include="Source\json.h">
      <Filter>Source</Filter>
    </ClInclude>
    <ClInclude Include="Source\math\vine_math.h">
      <Filter>Source\math</Filter>
    </ClInclude>
    <ClInclude Include="Source\graphics\texture.h">
      <Filter>Source\graphics</Filter>
    </ClInclude>
    <ClInclude Include="Source\image.h">
      <Filter>Source</Filter>
    </ClInclude>
    <ClInclude Include="Source\platform\platform.h">
      <Filter>Source\platform</Filter>
    </ClInclude>
    <ClInclude Include="Source\sprite.h">
      <Filter>Source\graphics</Filter>
    </ClInclude>
    <ClInclude Include="Source\tiled_texture.h">
      <Filter>Source\graphics</Filter>
    </ClInclude>
    <ClInclude Include="Source\graphics\tile_map.h">
      <Filter>Source\graphics</Filter>
    </ClInclude>
    <ClInclude Include="Source\audio\music.h">
      <Filter>Source\audio</Filter>
    </ClInclude>
    <ClInclude Include="Source\scripting\script.h">
      <Filter>Source\scripting</Filter>
    </ClInclude>
    <ClInclude Include="Source\graphics\render_manager.h">
      <Filter>Source\graphics</Filter>
    </ClInclude>
    <ClInclude Include="Source\player.h">
      <Filter>Source</Filter>
    </ClInclude>
    <ClInclude Include="Source\platform\file_handle.h">
      <Filter>Source\platform</Filter>
    </ClInclude>
    <ClInclude Include="Source\platform\asset.h">
      <Filter>Source\platform</Filter>
    </ClInclude>
    <ClInclude Include="Source\sprite_component.h">
      <Filter>Source</Filter>
    </ClInclude>
    <ClInclude Include="Source\component.h">
      <Filter>Source</Filter>
    </ClInclude>
    <ClInclude Include="Source\entity.h">
      <Filter>Source</Filter>
    </ClInclude>
    <ClInclude Include="Source\rigid_body_component.h">
      <Filter>Source</Filter>
    </ClInclude>
    <ClInclude Include="Source\physics\intersection.h">
      <Filter>Source\physics</Filter>
    </ClInclude>
    <ClInclude Include="Source\physics\collision_body.h">
      <Filter>Source\physics</Filter>
    </ClInclude>
    <ClInclude Include="Source\movement_controller_component.h">
      <Filter>Source</Filter>
    </ClInclude>
    <ClInclude Include="Source\camera_component.h">
      <Filter>Source</Filter>
    </ClInclude>
    <ClInclude Include="Source\animation\animation_state_machine.h">
      <Filter>Source\animation</Filter>
    </ClInclude>
    <ClInclude Include="Source\sprite_animation_component.h">
      <Filter>Source</Filter>
    </ClInclude>
    <ClInclude Include="Source\config.hpp">
      <Filter>Source</Filter>
    </ClInclude>
    <ClInclude Include="Source\animation\animation_clip.h">
      <Filter>Source\animation</Filter>
    </ClInclude>
    <ClInclude Include="Source\sprite_animation_clip.h">
      <Filter>Source</Filter>
    </ClInclude>
    <ClInclude Include="Source\animation\animation_manager.h">
      <Filter>Source\animation</Filter>
    </ClInclude>
  </ItemGroup>
  <ItemGroup>
    <ClCompile Include="Source\main.cpp">
      <Filter>Source</Filter>
    </ClCompile>
    <ClCompile Include="Source\transform.cpp">
      <Filter>Source</Filter>
    </ClCompile>
    <ClCompile Include="Source\physics\rigid_body.cpp">
      <Filter>Source\physics</Filter>
    </ClCompile>
    <ClCompile Include="Source\graphics\graphics.cpp">
      <Filter>Source\graphics</Filter>
    </ClCompile>
    <ClCompile Include="Source\graphics\index_buffer.cpp">
      <Filter>Source\graphics</Filter>
    </ClCompile>
    <ClCompile Include="Source\graphics\shader.cpp">
      <Filter>Source\graphics</Filter>
    </ClCompile>
    <ClCompile Include="Source\graphics\vertex_array.cpp">
      <Filter>Source\graphics</Filter>
    </ClCompile>
    <ClCompile Include="Source\graphics\vertex_buffer.cpp">
      <Filter>Source\graphics</Filter>
    </ClCompile>
    <ClCompile Include="Source\platform\window.cpp">
      <Filter>Source\platform</Filter>
    </ClCompile>
    <ClCompile Include="Include\stb_image.cpp">
      <Filter>Source</Filter>
    </ClCompile>
    <ClCompile Include="Source\image.cpp">
      <Filter>Source</Filter>
    </ClCompile>
    <ClCompile Include="Source\graphics\texture.cpp">
      <Filter>Source\graphics</Filter>
    </ClCompile>
    <ClCompile Include="Source\sprite.cpp">
      <Filter>Source\graphics</Filter>
    </ClCompile>
    <ClCompile Include="Source\math\vine_math.cpp">
      <Filter>Source\math</Filter>
    </ClCompile>
    <ClCompile Include="Source\audio\music.cpp">
      <Filter>Source\audio</Filter>
    </ClCompile>
    <ClCompile Include="Source\scripting\script.cpp">
      <Filter>Source\scripting</Filter>
    </ClCompile>
    <ClCompile Include="Source\graphics\renderer.cpp">
      <Filter>Source\graphics</Filter>
    </ClCompile>
    <ClCompile Include="Source\graphics\scene.cpp">
      <Filter>Source\graphics</Filter>
    </ClCompile>
    <ClCompile Include="Source\graphics\game.cpp">
      <Filter>Source</Filter>
    </ClCompile>
    <ClCompile Include="Source\platform\file_handle.cpp">
      <Filter>Source\platform</Filter>
    </ClCompile>
    <ClCompile Include="Source\platform\asset.cpp">
      <Filter>Source\platform</Filter>
    </ClCompile>
    <ClCompile Include="Source\component.cpp">
      <Filter>Source</Filter>
    </ClCompile>
    <ClCompile Include="Source\entity.cpp">
      <Filter>Source</Filter>
    </ClCompile>
    <ClCompile Include="Source\animation\animation_state_machine.cpp">
      <Filter>Source\animation</Filter>
    </ClCompile>
    <ClCompile Include="Source\animation\animation_manager.cpp">
      <Filter>Source\animation</Filter>
    </ClCompile>
  </ItemGroup>
</Project>