<?xml version="1.0" encoding="utf-8"?>
<Project ToolsVersion="4.0" xmlns="http://schemas.microsoft.com/developer/msbuild/2003">
  <ItemGroup>
    <Filter Include="Ressourcendateien">
      <UniqueIdentifier>{67DA6AB6-F800-4c08-8B7A-83BB121AAD01}</UniqueIdentifier>
      <Extensions>rc;ico;cur;bmp;dlg;rc2;rct;bin;rgs;gif;jpg;jpeg;jpe;resx;tiff;tif;png;wav;mfcribbon-ms</Extensions>
    </Filter>
    <Filter Include="Source">
      <UniqueIdentifier>{d6fa115d-082b-48bc-98c1-287197e92076}</UniqueIdentifier>
    </Filter>
    <Filter Include="Source\animation">
      <UniqueIdentifier>{5b95ec92-d5f3-4107-8a42-7b2bb61c042e}</UniqueIdentifier>
    </Filter>
    <Filter Include="Source\animation\private">
      <UniqueIdentifier>{dcef36b8-caf9-4e42-b2f2-8bb2111a0ec7}</UniqueIdentifier>
    </Filter>
    <Filter Include="Source\physics">
      <UniqueIdentifier>{e251c9ac-459a-4dc3-a87a-22954344d974}</UniqueIdentifier>
    </Filter>
    <Filter Include="Source\physics\private">
      <UniqueIdentifier>{ed4c5aa2-b911-4973-a487-60a35f66a688}</UniqueIdentifier>
    </Filter>
    <Filter Include="Source\audio">
      <UniqueIdentifier>{e260e6a5-c653-4771-95bc-65b62a23a524}</UniqueIdentifier>
    </Filter>
    <Filter Include="Source\audio\private">
      <UniqueIdentifier>{d06ac05c-2207-41a6-a07a-0ab7faad19a2}</UniqueIdentifier>
    </Filter>
    <Filter Include="Source\platform">
      <UniqueIdentifier>{1eca6d27-affe-40a0-a883-e50a953b87a5}</UniqueIdentifier>
    </Filter>
    <Filter Include="Source\platform\private">
      <UniqueIdentifier>{c823bd8c-f6db-45ba-965f-05de1a05a890}</UniqueIdentifier>
    </Filter>
    <Filter Include="Source\scripting">
      <UniqueIdentifier>{0a4174b7-94cd-498d-8315-bd6f934b3875}</UniqueIdentifier>
    </Filter>
    <Filter Include="Source\scripting\private">
      <UniqueIdentifier>{8aac2359-a7be-4d0a-8416-9a094f12436a}</UniqueIdentifier>
    </Filter>
    <Filter Include="Source\tilemap">
      <UniqueIdentifier>{6f65bdd5-485d-4dcd-a673-87f666f63685}</UniqueIdentifier>
    </Filter>
    <Filter Include="Source\gameplay">
      <UniqueIdentifier>{cde978c8-bd5b-4490-80f1-ef71de61a89a}</UniqueIdentifier>
    </Filter>
    <Filter Include="Source\core">
      <UniqueIdentifier>{6d5299bc-36bf-4b9d-996d-9ce7170707d7}</UniqueIdentifier>
    </Filter>
    <Filter Include="Source\graphics">
      <UniqueIdentifier>{e21542a0-c273-46d6-ad4e-0c49a47fedbc}</UniqueIdentifier>
    </Filter>
    <Filter Include="Source\graphics\private">
      <UniqueIdentifier>{e5413587-4599-4cd3-ab82-4f7336bd82d7}</UniqueIdentifier>
    </Filter>
    <Filter Include="Source\core\math">
      <UniqueIdentifier>{af03d558-50e3-4f7c-8392-ecf36dc4831f}</UniqueIdentifier>
    </Filter>
    <Filter Include="Source\tilemap\private">
      <UniqueIdentifier>{23b4abd1-d189-4ecf-989a-264455e693ce}</UniqueIdentifier>
    </Filter>
    <Filter Include="Source\gameplay\private">
      <UniqueIdentifier>{0e8852af-1fa0-4e4a-b1f5-3312a2f6a19d}</UniqueIdentifier>
    </Filter>
  </ItemGroup>
  <ItemGroup>
    <ClCompile Include="Source\animation\private\animation_manager.cpp">
      <Filter>Source\animation\private</Filter>
    </ClCompile>
    <ClCompile Include="Source\animation\private\animation_state_machine.cpp">
      <Filter>Source\animation\private</Filter>
    </ClCompile>
    <ClCompile Include="Source\physics\private\rigid_body.cpp">
      <Filter>Source\physics\private</Filter>
    </ClCompile>
    <ClCompile Include="Source\audio\private\music.cpp">
      <Filter>Source\audio\private</Filter>
    </ClCompile>
    <ClCompile Include="Source\platform\private\window.cpp">
      <Filter>Source\platform\private</Filter>
    </ClCompile>
    <ClCompile Include="Source\scripting\private\script.cpp">
      <Filter>Source\scripting\private</Filter>
    </ClCompile>
    <ClCompile Include="Source\core\component.cpp">
      <Filter>Source\core</Filter>
    </ClCompile>
    <ClCompile Include="Source\core\entity.cpp">
      <Filter>Source\core</Filter>
    </ClCompile>
    <ClCompile Include="Source\core\game.cpp">
      <Filter>Source\core</Filter>
    </ClCompile>
    <ClCompile Include="Source\core\transform.cpp">
      <Filter>Source\core</Filter>
    </ClCompile>
    <ClCompile Include="Source\graphics\private\graphics.cpp">
      <Filter>Source\graphics\private</Filter>
    </ClCompile>
    <ClCompile Include="Source\graphics\private\index_buffer.cpp">
      <Filter>Source\graphics\private</Filter>
    </ClCompile>
    <ClCompile Include="Source\graphics\private\renderer.cpp">
      <Filter>Source\graphics\private</Filter>
    </ClCompile>
    <ClCompile Include="Source\graphics\private\scene.cpp">
      <Filter>Source\graphics\private</Filter>
    </ClCompile>
    <ClCompile Include="Source\graphics\private\shader.cpp">
      <Filter>Source\graphics\private</Filter>
    </ClCompile>
    <ClCompile Include="Source\graphics\private\sprite.cpp">
      <Filter>Source\graphics\private</Filter>
    </ClCompile>
    <ClCompile Include="Source\graphics\private\texture.cpp">
      <Filter>Source\graphics\private</Filter>
    </ClCompile>
    <ClCompile Include="Source\graphics\private\vertex_array.cpp">
      <Filter>Source\graphics\private</Filter>
    </ClCompile>
    <ClCompile Include="Source\graphics\private\vertex_buffer.cpp">
      <Filter>Source\graphics\private</Filter>
    </ClCompile>
    <ClCompile Include="Source\image.cpp">
      <Filter>Source</Filter>
    </ClCompile>
    <ClCompile Include="Source\core\math\vine_math.cpp">
      <Filter>Source\core\math</Filter>
    </ClCompile>
    <ClCompile Include="Source\main.cpp">
      <Filter>Source</Filter>
    </ClCompile>
    <ClCompile Include="Include\stb_image.cpp">
      <Filter>Source</Filter>
    </ClCompile>
    <ClCompile Include="Source\scripting\private\script_manager.cpp">
      <Filter>Source\scripting\private</Filter>
    </ClCompile>
    <ClCompile Include="Source\platform\private\window_manager.cpp">
      <Filter>Source\platform\private</Filter>
    </ClCompile>
    <ClCompile Include="Source\physics\private\aabb_hull.cpp">
      <Filter>Source\physics\private</Filter>
    </ClCompile>
    <ClCompile Include="Source\physics\private\physics_simulation.cpp">
      <Filter>Source\physics\private</Filter>
    </ClCompile>
    <ClCompile Include="Source\platform\private\asset_manager.cpp">
      <Filter>Source\platform\private</Filter>
    </ClCompile>
    <ClCompile Include="Source\platform\private\resource_handle.cpp">
      <Filter>Source\platform\private</Filter>
    </ClCompile>
    <ClCompile Include="Source\animation\private\animation_state.cpp">
      <Filter>Source\animation\private</Filter>
    </ClCompile>
    <ClCompile Include="Source\physics\private\intersection.cpp">
      <Filter>Source\physics\private</Filter>
    </ClCompile>
    <ClCompile Include="Source\platform\private\input.cpp">
      <Filter>Source\platform\private</Filter>
    </ClCompile>
    <ClCompile Include="Source\graphics\private\render_manager.cpp">
      <Filter>Source\graphics\private</Filter>
    </ClCompile>
    <ClCompile Include="Source\gameplay\sprite_animation_reader.cpp">
      <Filter>Source\gameplay\private</Filter>
    </ClCompile>
  </ItemGroup>
  <ItemGroup>
    <ClInclude Include="Source\audio\private\input_stream.h">
      <Filter>Source\audio\private</Filter>
    </ClInclude>
    <ClInclude Include="Source\platform\asset.h">
      <Filter>Source\platform</Filter>
    </ClInclude>
    <ClInclude Include="Source\platform\platform.h">
      <Filter>Source\platform</Filter>
    </ClInclude>
    <ClInclude Include="Source\platform\window.h">
      <Filter>Source\platform</Filter>
    </ClInclude>
    <ClInclude Include="Source\audio\music.h">
      <Filter>Source\audio</Filter>
    </ClInclude>
    <ClInclude Include="Source\animation\animation_clip.h">
      <Filter>Source\animation</Filter>
    </ClInclude>
    <ClInclude Include="Source\animation\animation_manager.h">
      <Filter>Source\animation</Filter>
    </ClInclude>
    <ClInclude Include="Source\animation\animation_state_machine.h">
      <Filter>Source\animation</Filter>
    </ClInclude>
    <ClInclude Include="Source\physics\collision_body.h">
      <Filter>Source\physics</Filter>
    </ClInclude>
    <ClInclude Include="Source\physics\intersection.h">
      <Filter>Source\physics</Filter>
    </ClInclude>
    <ClInclude Include="Source\physics\physics.h">
      <Filter>Source\physics</Filter>
    </ClInclude>
    <ClInclude Include="Source\physics\rigid_body.h">
      <Filter>Source\physics</Filter>
    </ClInclude>
    <ClInclude Include="Source\scripting\script.h">
      <Filter>Source\scripting</Filter>
    </ClInclude>
    <ClInclude Include="Source\core\component.h">
      <Filter>Source\core</Filter>
    </ClInclude>
    <ClInclude Include="Source\core\entity.h">
      <Filter>Source\core</Filter>
    </ClInclude>
    <ClInclude Include="Source\core\game.h">
      <Filter>Source\core</Filter>
    </ClInclude>
    <ClInclude Include="Source\core\object.h">
      <Filter>Source\core</Filter>
    </ClInclude>
    <ClInclude Include="Source\core\transform.h">
      <Filter>Source\core</Filter>
    </ClInclude>
    <ClInclude Include="Source\core\types.h">
      <Filter>Source\core</Filter>
    </ClInclude>
    <ClInclude Include="Source\gameplay\camera_component.h">
      <Filter>Source\gameplay</Filter>
    </ClInclude>
    <ClInclude Include="Source\gameplay\movement_controller_component.h">
      <Filter>Source\gameplay</Filter>
    </ClInclude>
    <ClInclude Include="Source\gameplay\player.h">
      <Filter>Source\gameplay</Filter>
    </ClInclude>
    <ClInclude Include="Source\gameplay\rigid_body_component.h">
      <Filter>Source\gameplay</Filter>
    </ClInclude>
    <ClInclude Include="Source\gameplay\sprite_animation_clip.h">
      <Filter>Source\gameplay</Filter>
    </ClInclude>
    <ClInclude Include="Source\gameplay\sprite_animation_component.h">
      <Filter>Source\gameplay</Filter>
    </ClInclude>
    <ClInclude Include="Source\gameplay\sprite_component.h">
      <Filter>Source\gameplay</Filter>
    </ClInclude>
    <ClInclude Include="Source\graphics\graphics.h">
      <Filter>Source\graphics</Filter>
    </ClInclude>
    <ClInclude Include="Source\graphics\index_buffer.h">
      <Filter>Source\graphics</Filter>
    </ClInclude>
    <ClInclude Include="Source\graphics\render_manager.h">
      <Filter>Source\graphics</Filter>
    </ClInclude>
    <ClInclude Include="Source\graphics\renderable.h">
      <Filter>Source\graphics</Filter>
    </ClInclude>
    <ClInclude Include="Source\graphics\renderer.h">
      <Filter>Source\graphics</Filter>
    </ClInclude>
    <ClInclude Include="Source\graphics\scene.h">
      <Filter>Source\graphics</Filter>
    </ClInclude>
    <ClInclude Include="Source\graphics\shader.h">
      <Filter>Source\graphics</Filter>
    </ClInclude>
    <ClInclude Include="Source\graphics\sprite.h">
      <Filter>Source\graphics</Filter>
    </ClInclude>
    <ClInclude Include="Source\graphics\texture.h">
      <Filter>Source\graphics</Filter>
    </ClInclude>
    <ClInclude Include="Source\graphics\tiled_texture.h">
      <Filter>Source\graphics</Filter>
    </ClInclude>
    <ClInclude Include="Source\graphics\vertex_array.h">
      <Filter>Source\graphics</Filter>
    </ClInclude>
    <ClInclude Include="Source\graphics\vertex_buffer.h">
      <Filter>Source\graphics</Filter>
    </ClInclude>
    <ClInclude Include="Source\image.h">
      <Filter>Source</Filter>
    </ClInclude>
    <ClInclude Include="Source\json.h">
      <Filter>Source</Filter>
    </ClInclude>
    <ClInclude Include="Source\core\math\mat4x4.h">
      <Filter>Source\core\math</Filter>
    </ClInclude>
    <ClInclude Include="Source\core\math\vec2.h">
      <Filter>Source\core\math</Filter>
    </ClInclude>
    <ClInclude Include="Source\core\math\vec3.h">
      <Filter>Source\core\math</Filter>
    </ClInclude>
    <ClInclude Include="Source\core\math\vine_math.h">
      <Filter>Source\core\math</Filter>
    </ClInclude>
    <ClInclude Include="Source\scripting\script_manager.h">
      <Filter>Source\scripting</Filter>
    </ClInclude>
    <ClInclude Include="Source\scripting\private\script_manager_state.h">
      <Filter>Source\scripting\private</Filter>
    </ClInclude>
    <ClInclude Include="Source\platform\window_manager.h">
      <Filter>Source\platform</Filter>
    </ClInclude>
    <ClInclude Include="Source\platform\asset_types.h">
      <Filter>Source\platform</Filter>
    </ClInclude>
    <ClInclude Include="Source\core\component_type.h">
      <Filter>Source\core</Filter>
    </ClInclude>
    <ClInclude Include="Source\physics\private\contact.h">
      <Filter>Source\physics\private</Filter>
    </ClInclude>
    <ClInclude Include="Source\physics\aabb_hull.h">
      <Filter>Source\physics</Filter>
    </ClInclude>
    <ClInclude Include="Source\platform\asset_manager.h">
      <Filter>Source\platform</Filter>
    </ClInclude>
    <ClInclude Include="Source\platform\resource_handle.h">
      <Filter>Source\platform</Filter>
    </ClInclude>
    <ClInclude Include="Source\platform\cursor.h">
      <Filter>Source\platform</Filter>
    </ClInclude>
    <ClInclude Include="Source\graphics\sprite_vertex.h">
      <Filter>Source\graphics</Filter>
    </ClInclude>
    <ClInclude Include="Source\tilemap\level_loader.h">
      <Filter>Source\tilemap</Filter>
    </ClInclude>
    <ClInclude Include="Source\tilemap\tile_map.h">
      <Filter>Source\tilemap</Filter>
    </ClInclude>
    <ClInclude Include="Source\animation\animation_state.h">
      <Filter>Source\animation</Filter>
    </ClInclude>
    <ClInclude Include="Source\tilemap\tile_animation_clip.h">
      <Filter>Source\tilemap</Filter>
    </ClInclude>
    <ClInclude Include="Source\tilemap\tile_map_sprite_layer.h">
      <Filter>Source\tilemap</Filter>
    </ClInclude>
    <ClInclude Include="Source\graphics\vertex_buffer_layout.h">
      <Filter>Source\graphics</Filter>
    </ClInclude>
    <ClInclude Include="material.h">
      <Filter>Source\graphics</Filter>
    </ClInclude>
    <ClInclude Include="Source\graphics\gui_renderer.h">
      <Filter>Source\graphics</Filter>
    </ClInclude>
    <ClInclude Include="Source\graphics\material.h">
      <Filter>Source\graphics</Filter>
    </ClInclude>
    <ClInclude Include="Source\graphics\sprite_batch.h">
      <Filter>Source\graphics</Filter>
    </ClInclude>
    <ClInclude Include="Source\platform\input.h">
      <Filter>Source\platform</Filter>
    </ClInclude>
    <ClInclude Include="Source\gameplay\sprite_animation_reader.h">
      <Filter>Source\gameplay</Filter>
    </ClInclude>
    <ClInclude Include="Source\tilemap\tile_map_grid_layer.h">
      <Filter>Source\tilemap</Filter>
    </ClInclude>
  </ItemGroup>
</Project>